// !$*UTF8*$!
{
	archiveVersion = 1;
	classes = {
	};
	objectVersion = 50;
	objects = {

/* Begin PBXBuildFile section */
		96200F552377632400B4DE96 /* AppDelegate.swift in Sources */ = {isa = PBXBuildFile; fileRef = 96200F542377632400B4DE96 /* AppDelegate.swift */; };
		96200F572377632400B4DE96 /* ViewController.swift in Sources */ = {isa = PBXBuildFile; fileRef = 96200F562377632400B4DE96 /* ViewController.swift */; };
		96200F5A2377632400B4DE96 /* Main.storyboard in Resources */ = {isa = PBXBuildFile; fileRef = 96200F582377632400B4DE96 /* Main.storyboard */; };
		96200F5C2377632900B4DE96 /* Assets.xcassets in Resources */ = {isa = PBXBuildFile; fileRef = 96200F5B2377632900B4DE96 /* Assets.xcassets */; };
		96200F5F2377632900B4DE96 /* LaunchScreen.storyboard in Resources */ = {isa = PBXBuildFile; fileRef = 96200F5D2377632900B4DE96 /* LaunchScreen.storyboard */; };
		96200F6A2377632A00B4DE96 /* UntitledTests.swift in Sources */ = {isa = PBXBuildFile; fileRef = 96200F692377632A00B4DE96 /* UntitledTests.swift */; };
/* End PBXBuildFile section */

/* Begin PBXContainerItemProxy section */
		96200F662377632A00B4DE96 /* PBXContainerItemProxy */ = {
			isa = PBXContainerItemProxy;
			containerPortal = 96200F492377632400B4DE96 /* Project object */;
			proxyType = 1;
			remoteGlobalIDString = 96200F502377632400B4DE96;
			remoteInfo = Untitled;
		};
/* End PBXContainerItemProxy section */

/* Begin PBXFileReference section */
		96200F512377632400B4DE96 /* Untitled.app */ = {isa = PBXFileReference; explicitFileType = wrapper.application; includeInIndex = 0; path = Untitled.app; sourceTree = BUILT_PRODUCTS_DIR; };
		96200F542377632400B4DE96 /* AppDelegate.swift */ = {isa = PBXFileReference; lastKnownFileType = sourcecode.swift; path = AppDelegate.swift; sourceTree = "<group>"; };
		96200F562377632400B4DE96 /* ViewController.swift */ = {isa = PBXFileReference; lastKnownFileType = sourcecode.swift; path = ViewController.swift; sourceTree = "<group>"; };
		96200F592377632400B4DE96 /* Base */ = {isa = PBXFileReference; lastKnownFileType = file.storyboard; name = Base; path = Base.lproj/Main.storyboard; sourceTree = "<group>"; };
		96200F5B2377632900B4DE96 /* Assets.xcassets */ = {isa = PBXFileReference; lastKnownFileType = folder.assetcatalog; path = Assets.xcassets; sourceTree = "<group>"; };
		96200F5E2377632900B4DE96 /* Base */ = {isa = PBXFileReference; lastKnownFileType = file.storyboard; name = Base; path = Base.lproj/LaunchScreen.storyboard; sourceTree = "<group>"; };
		96200F602377632900B4DE96 /* Info.plist */ = {isa = PBXFileReference; lastKnownFileType = text.plist.xml; path = Info.plist; sourceTree = "<group>"; };
		96200F652377632A00B4DE96 /* UntitledTests.xctest */ = {isa = PBXFileReference; explicitFileType = wrapper.cfbundle; includeInIndex = 0; path = UntitledTests.xctest; sourceTree = BUILT_PRODUCTS_DIR; };
		96200F692377632A00B4DE96 /* UntitledTests.swift */ = {isa = PBXFileReference; lastKnownFileType = sourcecode.swift; path = UntitledTests.swift; sourceTree = "<group>"; };
		96200F6B2377632A00B4DE96 /* Info.plist */ = {isa = PBXFileReference; lastKnownFileType = text.plist.xml; path = Info.plist; sourceTree = "<group>"; };
/* End PBXFileReference section */

/* Begin PBXFrameworksBuildPhase section */
		96200F4E2377632400B4DE96 /* Frameworks */ = {
			isa = PBXFrameworksBuildPhase;
			buildActionMask = 2147483647;
			files = (
			);
			runOnlyForDeploymentPostprocessing = 0;
		};
		96200F622377632A00B4DE96 /* Frameworks */ = {
			isa = PBXFrameworksBuildPhase;
			buildActionMask = 2147483647;
			files = (
			);
			runOnlyForDeploymentPostprocessing = 0;
		};
/* End PBXFrameworksBuildPhase section */

/* Begin PBXGroup section */
		96200F482377632400B4DE96 = {
			isa = PBXGroup;
			children = (
				96200F532377632400B4DE96 /* Untitled */,
				96200F682377632A00B4DE96 /* UntitledTests */,
				96200F522377632400B4DE96 /* Products */,
			);
			sourceTree = "<group>";
		};
		96200F522377632400B4DE96 /* Products */ = {
			isa = PBXGroup;
			children = (
				96200F512377632400B4DE96 /* Untitled.app */,
				96200F652377632A00B4DE96 /* UntitledTests.xctest */,
			);
			name = Products;
			sourceTree = "<group>";
		};
		96200F532377632400B4DE96 /* Untitled */ = {
			isa = PBXGroup;
			children = (
				96200F542377632400B4DE96 /* AppDelegate.swift */,
				96200F562377632400B4DE96 /* ViewController.swift */,
				96200F582377632400B4DE96 /* Main.storyboard */,
				96200F5B2377632900B4DE96 /* Assets.xcassets */,
				96200F5D2377632900B4DE96 /* LaunchScreen.storyboard */,
				96200F602377632900B4DE96 /* Info.plist */,
			);
			path = Untitled;
			sourceTree = "<group>";
		};
		96200F682377632A00B4DE96 /* UntitledTests */ = {
			isa = PBXGroup;
			children = (
				96200F692377632A00B4DE96 /* UntitledTests.swift */,
				96200F6B2377632A00B4DE96 /* Info.plist */,
			);
			path = UntitledTests;
			sourceTree = "<group>";
		};
/* End PBXGroup section */

/* Begin PBXNativeTarget section */
		96200F502377632400B4DE96 /* Untitled */ = {
			isa = PBXNativeTarget;
			buildConfigurationList = 96200F6E2377632A00B4DE96 /* Build configuration list for PBXNativeTarget "Untitled" */;
			buildPhases = (
				96200F4D2377632400B4DE96 /* Sources */,
				96200F4E2377632400B4DE96 /* Frameworks */,
				96200F4F2377632400B4DE96 /* Resources */,
			);
			buildRules = (
			);
			dependencies = (
			);
			name = Untitled;
			productName = Untitled;
			productReference = 96200F512377632400B4DE96 /* Untitled.app */;
			productType = "com.apple.product-type.application";
		};
		96200F642377632A00B4DE96 /* UntitledTests */ = {
			isa = PBXNativeTarget;
			buildConfigurationList = 96200F712377632A00B4DE96 /* Build configuration list for PBXNativeTarget "UntitledTests" */;
			buildPhases = (
				96200F612377632A00B4DE96 /* Sources */,
				96200F622377632A00B4DE96 /* Frameworks */,
				96200F632377632A00B4DE96 /* Resources */,
			);
			buildRules = (
			);
			dependencies = (
				96200F672377632A00B4DE96 /* PBXTargetDependency */,
			);
			name = UntitledTests;
			productName = UntitledTests;
			productReference = 96200F652377632A00B4DE96 /* UntitledTests.xctest */;
			productType = "com.apple.product-type.bundle.unit-test";
		};
/* End PBXNativeTarget section */

/* Begin PBXProject section */
		96200F492377632400B4DE96 /* Project object */ = {
			isa = PBXProject;
			attributes = {
				LastSwiftUpdateCheck = 0940;
				LastUpgradeCheck = 0940;
				ORGANIZATIONNAME = "Riya Baphna";
				TargetAttributes = {
					96200F502377632400B4DE96 = {
						CreatedOnToolsVersion = 9.4.1;
					};
					96200F642377632A00B4DE96 = {
						CreatedOnToolsVersion = 9.4.1;
						TestTargetID = 96200F502377632400B4DE96;
					};
				};
			};
			buildConfigurationList = 96200F4C2377632400B4DE96 /* Build configuration list for PBXProject "Untitled" */;
			compatibilityVersion = "Xcode 9.3";
			developmentRegion = en;
			hasScannedForEncodings = 0;
			knownRegions = (
				en,
				Base,
			);
			mainGroup = 96200F482377632400B4DE96;
			productRefGroup = 96200F522377632400B4DE96 /* Products */;
			projectDirPath = "";
			projectRoot = "";
			targets = (
				96200F502377632400B4DE96 /* Untitled */,
				96200F642377632A00B4DE96 /* UntitledTests */,
			);
		};
/* End PBXProject section */

/* Begin PBXResourcesBuildPhase section */
		96200F4F2377632400B4DE96 /* Resources */ = {
			isa = PBXResourcesBuildPhase;
			buildActionMask = 2147483647;
			files = (
				96200F5F2377632900B4DE96 /* LaunchScreen.storyboard in Resources */,
				96200F5C2377632900B4DE96 /* Assets.xcassets in Resources */,
				96200F5A2377632400B4DE96 /* Main.storyboard in Resources */,
			);
			runOnlyForDeploymentPostprocessing = 0;
		};
		96200F632377632A00B4DE96 /* Resources */ = {
			isa = PBXResourcesBuildPhase;
			buildActionMask = 2147483647;
			files = (
			);
			runOnlyForDeploymentPostprocessing = 0;
		};
/* End PBXResourcesBuildPhase section */

/* Begin PBXSourcesBuildPhase section */
		96200F4D2377632400B4DE96 /* Sources */ = {
			isa = PBXSourcesBuildPhase;
			buildActionMask = 2147483647;
			files = (
				96200F572377632400B4DE96 /* ViewController.swift in Sources */,
				96200F552377632400B4DE96 /* AppDelegate.swift in Sources */,
			);
			runOnlyForDeploymentPostprocessing = 0;
		};
		96200F612377632A00B4DE96 /* Sources */ = {
			isa = PBXSourcesBuildPhase;
			buildActionMask = 2147483647;
			files = (
				96200F6A2377632A00B4DE96 /* UntitledTests.swift in Sources */,
			);
			runOnlyForDeploymentPostprocessing = 0;
		};
/* End PBXSourcesBuildPhase section */

/* Begin PBXTargetDependency section */
		96200F672377632A00B4DE96 /* PBXTargetDependency */ = {
			isa = PBXTargetDependency;
			target = 96200F502377632400B4DE96 /* Untitled */;
			targetProxy = 96200F662377632A00B4DE96 /* PBXContainerItemProxy */;
		};
/* End PBXTargetDependency section */

/* Begin PBXVariantGroup section */
		96200F582377632400B4DE96 /* Main.storyboard */ = {
			isa = PBXVariantGroup;
			children = (
				96200F592377632400B4DE96 /* Base */,
			);
			name = Main.storyboard;
			sourceTree = "<group>";
		};
		96200F5D2377632900B4DE96 /* LaunchScreen.storyboard */ = {
			isa = PBXVariantGroup;
			children = (
				96200F5E2377632900B4DE96 /* Base */,
			);
			name = LaunchScreen.storyboard;
			sourceTree = "<group>";
		};
/* End PBXVariantGroup section */

/* Begin XCBuildConfiguration section */
		96200F6C2377632A00B4DE96 /* Debug */ = {
			isa = XCBuildConfiguration;
			buildSettings = {
				ALWAYS_SEARCH_USER_PATHS = NO;
				CLANG_ANALYZER_NONNULL = YES;
				CLANG_ANALYZER_NUMBER_OBJECT_CONVERSION = YES_AGGRESSIVE;
				CLANG_CXX_LANGUAGE_STANDARD = "gnu++14";
				CLANG_CXX_LIBRARY = "libc++";
				CLANG_ENABLE_MODULES = YES;
				CLANG_ENABLE_OBJC_ARC = YES;
				CLANG_ENABLE_OBJC_WEAK = YES;
				CLANG_WARN_BLOCK_CAPTURE_AUTORELEASING = YES;
				CLANG_WARN_BOOL_CONVERSION = YES;
				CLANG_WARN_COMMA = YES;
				CLANG_WARN_CONSTANT_CONVERSION = YES;
				CLANG_WARN_DEPRECATED_OBJC_IMPLEMENTATIONS = YES;
				CLANG_WARN_DIRECT_OBJC_ISA_USAGE = YES_ERROR;
				CLANG_WARN_DOCUMENTATION_COMMENTS = YES;
				CLANG_WARN_EMPTY_BODY = YES;
				CLANG_WARN_ENUM_CONVERSION = YES;
				CLANG_WARN_INFINITE_RECURSION = YES;
				CLANG_WARN_INT_CONVERSION = YES;
				CLANG_WARN_NON_LITERAL_NULL_CONVERSION = YES;
				CLANG_WARN_OBJC_IMPLICIT_RETAIN_SELF = YES;
				CLANG_WARN_OBJC_LITERAL_CONVERSION = YES;
				CLANG_WARN_OBJC_ROOT_CLASS = YES_ERROR;
				CLANG_WARN_RANGE_LOOP_ANALYSIS = YES;
				CLANG_WARN_STRICT_PROTOTYPES = YES;
				CLANG_WARN_SUSPICIOUS_MOVE = YES;
				CLANG_WARN_UNGUARDED_AVAILABILITY = YES_AGGRESSIVE;
				CLANG_WARN_UNREACHABLE_CODE = YES;
				CLANG_WARN__DUPLICATE_METHOD_MATCH = YES;
				CODE_SIGN_IDENTITY = "iPhone Developer";
				COPY_PHASE_STRIP = NO;
				DEBUG_INFORMATION_FORMAT = dwarf;
				ENABLE_STRICT_OBJC_MSGSEND = YES;
				ENABLE_TESTABILITY = YES;
				GCC_C_LANGUAGE_STANDARD = gnu11;
				GCC_DYNAMIC_NO_PIC = NO;
				GCC_NO_COMMON_BLOCKS = YES;
				GCC_OPTIMIZATION_LEVEL = 0;
				GCC_PREPROCESSOR_DEFINITIONS = (
					"DEBUG=1",
					"$(inherited)",
				);
				GCC_WARN_64_TO_32_BIT_CONVERSION = YES;
				GCC_WARN_ABOUT_RETURN_TYPE = YES_ERROR;
				GCC_WARN_UNDECLARED_SELECTOR = YES;
				GCC_WARN_UNINITIALIZED_AUTOS = YES_AGGRESSIVE;
				GCC_WARN_UNUSED_FUNCTION = YES;
				GCC_WARN_UNUSED_VARIABLE = YES;
				IPHONEOS_DEPLOYMENT_TARGET = 11.4;
				MTL_ENABLE_DEBUG_INFO = YES;
				ONLY_ACTIVE_ARCH = YES;
				SDKROOT = iphoneos;
				SWIFT_ACTIVE_COMPILATION_CONDITIONS = DEBUG;
				SWIFT_OPTIMIZATION_LEVEL = "-Onone";
			};
			name = Debug;
		};
		96200F6D2377632A00B4DE96 /* Release */ = {
			isa = XCBuildConfiguration;
			buildSettings = {
				ALWAYS_SEARCH_USER_PATHS = NO;
				CLANG_ANALYZER_NONNULL = YES;
				CLANG_ANALYZER_NUMBER_OBJECT_CONVERSION = YES_AGGRESSIVE;
				CLANG_CXX_LANGUAGE_STANDARD = "gnu++14";
				CLANG_CXX_LIBRARY = "libc++";
				CLANG_ENABLE_MODULES = YES;
				CLANG_ENABLE_OBJC_ARC = YES;
				CLANG_ENABLE_OBJC_WEAK = YES;
				CLANG_WARN_BLOCK_CAPTURE_AUTORELEASING = YES;
				CLANG_WARN_BOOL_CONVERSION = YES;
				CLANG_WARN_COMMA = YES;
				CLANG_WARN_CONSTANT_CONVERSION = YES;
				CLANG_WARN_DEPRECATED_OBJC_IMPLEMENTATIONS = YES;
				CLANG_WARN_DIRECT_OBJC_ISA_USAGE = YES_ERROR;
				CLANG_WARN_DOCUMENTATION_COMMENTS = YES;
				CLANG_WARN_EMPTY_BODY = YES;
				CLANG_WARN_ENUM_CONVERSION = YES;
				CLANG_WARN_INFINITE_RECURSION = YES;
				CLANG_WARN_INT_CONVERSION = YES;
				CLANG_WARN_NON_LITERAL_NULL_CONVERSION = YES;
				CLANG_WARN_OBJC_IMPLICIT_RETAIN_SELF = YES;
				CLANG_WARN_OBJC_LITERAL_CONVERSION = YES;
				CLANG_WARN_OBJC_ROOT_CLASS = YES_ERROR;
				CLANG_WARN_RANGE_LOOP_ANALYSIS = YES;
				CLANG_WARN_STRICT_PROTOTYPES = YES;
				CLANG_WARN_SUSPICIOUS_MOVE = YES;
				CLANG_WARN_UNGUARDED_AVAILABILITY = YES_AGGRESSIVE;
				CLANG_WARN_UNREACHABLE_CODE = YES;
				CLANG_WARN__DUPLICATE_METHOD_MATCH = YES;
				CODE_SIGN_IDENTITY = "iPhone Developer";
				COPY_PHASE_STRIP = NO;
				DEBUG_INFORMATION_FORMAT = "dwarf-with-dsym";
				ENABLE_NS_ASSERTIONS = NO;
				ENABLE_STRICT_OBJC_MSGSEND = YES;
				GCC_C_LANGUAGE_STANDARD = gnu11;
				GCC_NO_COMMON_BLOCKS = YES;
				GCC_WARN_64_TO_32_BIT_CONVERSION = YES;
				GCC_WARN_ABOUT_RETURN_TYPE = YES_ERROR;
				GCC_WARN_UNDECLARED_SELECTOR = YES;
				GCC_WARN_UNINITIALIZED_AUTOS = YES_AGGRESSIVE;
				GCC_WARN_UNUSED_FUNCTION = YES;
				GCC_WARN_UNUSED_VARIABLE = YES;
				IPHONEOS_DEPLOYMENT_TARGET = 11.4;
				MTL_ENABLE_DEBUG_INFO = NO;
				SDKROOT = iphoneos;
				SWIFT_COMPILATION_MODE = wholemodule;
				SWIFT_OPTIMIZATION_LEVEL = "-O";
				VALIDATE_PRODUCT = YES;
			};
			name = Release;
		};
		96200F6F2377632A00B4DE96 /* Debug */ = {
			isa = XCBuildConfiguration;
			buildSettings = {
				ASSETCATALOG_COMPILER_APPICON_NAME = AppIcon;
				CODE_SIGN_STYLE = Automatic;
				INFOPLIST_FILE = Untitled/Info.plist;
				LD_RUNPATH_SEARCH_PATHS = (
					"$(inherited)",
					"@executable_path/Frameworks",
				);
				PRODUCT_BUNDLE_IDENTIFIER = com.example.Untitled;
				PRODUCT_NAME = "$(TARGET_NAME)";
				SWIFT_VERSION = 4.0;
				TARGETED_DEVICE_FAMILY = "1,2";
			};
			name = Debug;
		};
		96200F702377632A00B4DE96 /* Release */ = {
			isa = XCBuildConfiguration;
			buildSettings = {
				ASSETCATALOG_COMPILER_APPICON_NAME = AppIcon;
				CODE_SIGN_STYLE = Automatic;
				INFOPLIST_FILE = Untitled/Info.plist;
				LD_RUNPATH_SEARCH_PATHS = (
					"$(inherited)",
					"@executable_path/Frameworks",
				);
				PRODUCT_BUNDLE_IDENTIFIER = com.example.Untitled;
				PRODUCT_NAME = "$(TARGET_NAME)";
				SWIFT_VERSION = 4.0;
				TARGETED_DEVICE_FAMILY = "1,2";
			};
			name = Release;
		};
		96200F722377632A00B4DE96 /* Debug */ = {
			isa = XCBuildConfiguration;
			buildSettings = {
				ALWAYS_EMBED_SWIFT_STANDARD_LIBRARIES = YES;
				BUNDLE_LOADER = "$(TEST_HOST)";
				CODE_SIGN_STYLE = Automatic;
				INFOPLIST_FILE = UntitledTests/Info.plist;
				LD_RUNPATH_SEARCH_PATHS = (
					"$(inherited)",
					"@executable_path/Frameworks",
					"@loader_path/Frameworks",
				);
				PRODUCT_BUNDLE_IDENTIFIER = com.example.UntitledTests;
				PRODUCT_NAME = "$(TARGET_NAME)";
				SWIFT_VERSION = 4.0;
				TARGETED_DEVICE_FAMILY = "1,2";
				TEST_HOST = "$(BUILT_PRODUCTS_DIR)/Untitled.app/Untitled";
			};
			name = Debug;
		};
		96200F732377632A00B4DE96 /* Release */ = {
			isa = XCBuildConfiguration;
			buildSettings = {
				ALWAYS_EMBED_SWIFT_STANDARD_LIBRARIES = YES;
				BUNDLE_LOADER = "$(TEST_HOST)";
				CODE_SIGN_STYLE = Automatic;
				INFOPLIST_FILE = UntitledTests/Info.plist;
				LD_RUNPATH_SEARCH_PATHS = (
					"$(inherited)",
					"@executable_path/Frameworks",
					"@loader_path/Frameworks",
				);
				PRODUCT_BUNDLE_IDENTIFIER = com.example.UntitledTests;
				PRODUCT_NAME = "$(TARGET_NAME)";
				SWIFT_VERSION = 4.0;
				TARGETED_DEVICE_FAMILY = "1,2";
				TEST_HOST = "$(BUILT_PRODUCTS_DIR)/Untitled.app/Untitled";
			};
			name = Release;
		};
/* End XCBuildConfiguration section */

/* Begin XCConfigurationList section */
		96200F4C2377632400B4DE96 /* Build configuration list for PBXProject "Untitled" */ = {
			isa = XCConfigurationList;
			buildConfigurations = (
				96200F6C2377632A00B4DE96 /* Debug */,
				96200F6D2377632A00B4DE96 /* Release */,
			);
			defaultConfigurationIsVisible = 0;
			defaultConfigurationName = Release;
		};
		96200F6E2377632A00B4DE96 /* Build configuration list for PBXNativeTarget "Untitled" */ = {
			isa = XCConfigurationList;
			buildConfigurations = (
				96200F6F2377632A00B4DE96 /* Debug */,
				96200F702377632A00B4DE96 /* Release */,
			);
			defaultConfigurationIsVisible = 0;
			defaultConfigurationName = Release;
		};
		96200F712377632A00B4DE96 /* Build configuration list for PBXNativeTarget "UntitledTests" */ = {
			isa = XCConfigurationList;
			buildConfigurations = (
				96200F722377632A00B4DE96 /* Debug */,
				96200F732377632A00B4DE96 /* Release */,
			);
			defaultConfigurationIsVisible = 0;
			defaultConfigurationName = Release;
		};
/* End XCConfigurationList section */
	};
	rootObject = 96200F492377632400B4DE96 /* Project object */;
}
